// !$*UTF8*$!
{
	archiveVersion = 1;
	classes = {
	};
	objectVersion = 77;
	objects = {

/* Begin PBXBuildFile section */
		2556C2FF2DBBF0DB002671F6 /* HTMLParser in Frameworks */ = {isa = PBXBuildFile; productRef = 2556C2FE2DBBF0DB002671F6 /* HTMLParser */; };
		25E4724C2D9E73A400F069CF /* ElefantAPI in Frameworks */ = {isa = PBXBuildFile; productRef = 25E4724B2D9E73A400F069CF /* ElefantAPI */; };
		25E47B272D9FC0A200F069CF /* ElefantEntity in Frameworks */ = {isa = PBXBuildFile; productRef = 25E47B262D9FC0A200F069CF /* ElefantEntity */; };
/* End PBXBuildFile section */

/* Begin PBXContainerItemProxy section */
		25E4567C2D95214200F069CF /* PBXContainerItemProxy */ = {
			isa = PBXContainerItemProxy;
			containerPortal = 25E4565A2D95214100F069CF /* Project object */;
			proxyType = 1;
			remoteGlobalIDString = 25E456612D95214100F069CF;
			remoteInfo = Elefant;
		};
		25E456862D95214200F069CF /* PBXContainerItemProxy */ = {
			isa = PBXContainerItemProxy;
			containerPortal = 25E4565A2D95214100F069CF /* Project object */;
			proxyType = 1;
			remoteGlobalIDString = 25E456612D95214100F069CF;
			remoteInfo = Elefant;
		};
/* End PBXContainerItemProxy section */

/* Begin PBXFileReference section */
		25E456622D95214100F069CF /* Elefant.app */ = {isa = PBXFileReference; explicitFileType = wrapper.application; includeInIndex = 0; path = Elefant.app; sourceTree = BUILT_PRODUCTS_DIR; };
		25E4567B2D95214200F069CF /* ElefantTests.xctest */ = {isa = PBXFileReference; explicitFileType = wrapper.cfbundle; includeInIndex = 0; path = ElefantTests.xctest; sourceTree = BUILT_PRODUCTS_DIR; };
		25E456852D95214200F069CF /* ElefantUITests.xctest */ = {isa = PBXFileReference; explicitFileType = wrapper.cfbundle; includeInIndex = 0; path = ElefantUITests.xctest; sourceTree = BUILT_PRODUCTS_DIR; };
		25E4584D2D95232300F069CF /* ElefantAPI */ = {isa = PBXFileReference; lastKnownFileType = wrapper; name = ElefantAPI; path = ../ElefantAPI; sourceTree = SOURCE_ROOT; };
		25E47B252D9FC03200F069CF /* ElefantEntity */ = {isa = PBXFileReference; lastKnownFileType = wrapper; name = ElefantEntity; path = ../ElefantEntity; sourceTree = SOURCE_ROOT; };
/* End PBXFileReference section */

/* Begin PBXFileSystemSynchronizedBuildFileExceptionSet section */
		25E4568D2D95214300F069CF /* Exceptions for "Elefant" folder in "Elefant" target */ = {
			isa = PBXFileSystemSynchronizedBuildFileExceptionSet;
			membershipExceptions = (
				Info.plist,
			);
			target = 25E456612D95214100F069CF /* Elefant */;
		};
/* End PBXFileSystemSynchronizedBuildFileExceptionSet section */

/* Begin PBXFileSystemSynchronizedRootGroup section */
		25E456642D95214100F069CF /* Elefant */ = {
			isa = PBXFileSystemSynchronizedRootGroup;
			exceptions = (
				25E4568D2D95214300F069CF /* Exceptions for "Elefant" folder in "Elefant" target */,
			);
			path = Elefant;
			sourceTree = "<group>";
		};
		25E4567E2D95214200F069CF /* ElefantTests */ = {
			isa = PBXFileSystemSynchronizedRootGroup;
			path = ElefantTests;
			sourceTree = "<group>";
		};
		25E456882D95214300F069CF /* ElefantUITests */ = {
			isa = PBXFileSystemSynchronizedRootGroup;
			path = ElefantUITests;
			sourceTree = "<group>";
		};
/* End PBXFileSystemSynchronizedRootGroup section */

/* Begin PBXFrameworksBuildPhase section */
		25E4565F2D95214100F069CF /* Frameworks */ = {
			isa = PBXFrameworksBuildPhase;
			buildActionMask = 2147483647;
			files = (
				25E4724C2D9E73A400F069CF /* ElefantAPI in Frameworks */,
				25E47B272D9FC0A200F069CF /* ElefantEntity in Frameworks */,
				2556C2FF2DBBF0DB002671F6 /* HTMLParser in Frameworks */,
			);
			runOnlyForDeploymentPostprocessing = 0;
		};
		25E456782D95214200F069CF /* Frameworks */ = {
			isa = PBXFrameworksBuildPhase;
			buildActionMask = 2147483647;
			files = (
			);
			runOnlyForDeploymentPostprocessing = 0;
		};
		25E456822D95214200F069CF /* Frameworks */ = {
			isa = PBXFrameworksBuildPhase;
			buildActionMask = 2147483647;
			files = (
			);
			runOnlyForDeploymentPostprocessing = 0;
		};
/* End PBXFrameworksBuildPhase section */

/* Begin PBXGroup section */
		25E456592D95214100F069CF = {
			isa = PBXGroup;
			children = (
				25E456642D95214100F069CF /* Elefant */,
				25E4584D2D95232300F069CF /* ElefantAPI */,
				25E47B252D9FC03200F069CF /* ElefantEntity */,
				25E4567E2D95214200F069CF /* ElefantTests */,
				25E456882D95214300F069CF /* ElefantUITests */,
				25E4724A2D9E73A400F069CF /* Frameworks */,
				25E456632D95214100F069CF /* Products */,
			);
			sourceTree = "<group>";
		};
		25E456632D95214100F069CF /* Products */ = {
			isa = PBXGroup;
			children = (
				25E456622D95214100F069CF /* Elefant.app */,
				25E4567B2D95214200F069CF /* ElefantTests.xctest */,
				25E456852D95214200F069CF /* ElefantUITests.xctest */,
			);
			name = Products;
			sourceTree = "<group>";
		};
		25E4724A2D9E73A400F069CF /* Frameworks */ = {
			isa = PBXGroup;
			children = (
			);
			name = Frameworks;
			sourceTree = "<group>";
		};
/* End PBXGroup section */

/* Begin PBXNativeTarget section */
		25E456612D95214100F069CF /* Elefant */ = {
			isa = PBXNativeTarget;
			buildConfigurationList = 25E4568E2D95214300F069CF /* Build configuration list for PBXNativeTarget "Elefant" */;
			buildPhases = (
				25E4565E2D95214100F069CF /* Sources */,
				25E4565F2D95214100F069CF /* Frameworks */,
				25E456602D95214100F069CF /* Resources */,
			);
			buildRules = (
			);
			dependencies = (
			);
			fileSystemSynchronizedGroups = (
				25E456642D95214100F069CF /* Elefant */,
			);
			name = Elefant;
			packageProductDependencies = (
				25E4724B2D9E73A400F069CF /* ElefantAPI */,
				25E47B262D9FC0A200F069CF /* ElefantEntity */,
				2556C2FE2DBBF0DB002671F6 /* HTMLParser */,
			);
			productName = Elefant;
			productReference = 25E456622D95214100F069CF /* Elefant.app */;
			productType = "com.apple.product-type.application";
		};
		25E4567A2D95214200F069CF /* ElefantTests */ = {
			isa = PBXNativeTarget;
			buildConfigurationList = 25E456932D95214300F069CF /* Build configuration list for PBXNativeTarget "ElefantTests" */;
			buildPhases = (
				25E456772D95214200F069CF /* Sources */,
				25E456782D95214200F069CF /* Frameworks */,
				25E456792D95214200F069CF /* Resources */,
			);
			buildRules = (
			);
			dependencies = (
				25E4567D2D95214200F069CF /* PBXTargetDependency */,
			);
			fileSystemSynchronizedGroups = (
				25E4567E2D95214200F069CF /* ElefantTests */,
			);
			name = ElefantTests;
			packageProductDependencies = (
			);
			productName = ElefantTests;
			productReference = 25E4567B2D95214200F069CF /* ElefantTests.xctest */;
			productType = "com.apple.product-type.bundle.unit-test";
		};
		25E456842D95214200F069CF /* ElefantUITests */ = {
			isa = PBXNativeTarget;
			buildConfigurationList = 25E456962D95214300F069CF /* Build configuration list for PBXNativeTarget "ElefantUITests" */;
			buildPhases = (
				25E456812D95214200F069CF /* Sources */,
				25E456822D95214200F069CF /* Frameworks */,
				25E456832D95214200F069CF /* Resources */,
			);
			buildRules = (
			);
			dependencies = (
				25E456872D95214200F069CF /* PBXTargetDependency */,
			);
			fileSystemSynchronizedGroups = (
				25E456882D95214300F069CF /* ElefantUITests */,
			);
			name = ElefantUITests;
			packageProductDependencies = (
			);
			productName = ElefantUITests;
			productReference = 25E456852D95214200F069CF /* ElefantUITests.xctest */;
			productType = "com.apple.product-type.bundle.ui-testing";
		};
/* End PBXNativeTarget section */

/* Begin PBXProject section */
		25E4565A2D95214100F069CF /* Project object */ = {
			isa = PBXProject;
			attributes = {
				BuildIndependentTargetsInParallel = 1;
				LastSwiftUpdateCheck = 1620;
				LastUpgradeCheck = 1620;
				TargetAttributes = {
					25E456612D95214100F069CF = {
						CreatedOnToolsVersion = 16.2;
					};
					25E4567A2D95214200F069CF = {
						CreatedOnToolsVersion = 16.2;
						TestTargetID = 25E456612D95214100F069CF;
					};
					25E456842D95214200F069CF = {
						CreatedOnToolsVersion = 16.2;
						TestTargetID = 25E456612D95214100F069CF;
					};
				};
			};
			buildConfigurationList = 25E4565D2D95214100F069CF /* Build configuration list for PBXProject "Elefant" */;
			developmentRegion = en;
			hasScannedForEncodings = 0;
			knownRegions = (
				en,
				Base,
			);
			mainGroup = 25E456592D95214100F069CF;
			minimizedProjectReferenceProxies = 1;
			packageReferences = (
				2556C2FD2DBBF0DB002671F6 /* XCLocalSwiftPackageReference "../../HTMLParser" */,
			);
			preferredProjectObjectVersion = 77;
			productRefGroup = 25E456632D95214100F069CF /* Products */;
			projectDirPath = "";
			projectRoot = "";
			targets = (
				25E456612D95214100F069CF /* Elefant */,
				25E4567A2D95214200F069CF /* ElefantTests */,
				25E456842D95214200F069CF /* ElefantUITests */,
			);
		};
/* End PBXProject section */

/* Begin PBXResourcesBuildPhase section */
		25E456602D95214100F069CF /* Resources */ = {
			isa = PBXResourcesBuildPhase;
			buildActionMask = 2147483647;
			files = (
			);
			runOnlyForDeploymentPostprocessing = 0;
		};
		25E456792D95214200F069CF /* Resources */ = {
			isa = PBXResourcesBuildPhase;
			buildActionMask = 2147483647;
			files = (
			);
			runOnlyForDeploymentPostprocessing = 0;
		};
		25E456832D95214200F069CF /* Resources */ = {
			isa = PBXResourcesBuildPhase;
			buildActionMask = 2147483647;
			files = (
			);
			runOnlyForDeploymentPostprocessing = 0;
		};
/* End PBXResourcesBuildPhase section */

/* Begin PBXSourcesBuildPhase section */
		25E4565E2D95214100F069CF /* Sources */ = {
			isa = PBXSourcesBuildPhase;
			buildActionMask = 2147483647;
			files = (
			);
			runOnlyForDeploymentPostprocessing = 0;
		};
		25E456772D95214200F069CF /* Sources */ = {
			isa = PBXSourcesBuildPhase;
			buildActionMask = 2147483647;
			files = (
			);
			runOnlyForDeploymentPostprocessing = 0;
		};
		25E456812D95214200F069CF /* Sources */ = {
			isa = PBXSourcesBuildPhase;
			buildActionMask = 2147483647;
			files = (
			);
			runOnlyForDeploymentPostprocessing = 0;
		};
/* End PBXSourcesBuildPhase section */

/* Begin PBXTargetDependency section */
		25E4567D2D95214200F069CF /* PBXTargetDependency */ = {
			isa = PBXTargetDependency;
			target = 25E456612D95214100F069CF /* Elefant */;
			targetProxy = 25E4567C2D95214200F069CF /* PBXContainerItemProxy */;
		};
		25E456872D95214200F069CF /* PBXTargetDependency */ = {
			isa = PBXTargetDependency;
			target = 25E456612D95214100F069CF /* Elefant */;
			targetProxy = 25E456862D95214200F069CF /* PBXContainerItemProxy */;
		};
/* End PBXTargetDependency section */

/* Begin XCBuildConfiguration section */
		25E4568F2D95214300F069CF /* Debug */ = {
			isa = XCBuildConfiguration;
			buildSettings = {
				ASSETCATALOG_COMPILER_APPICON_NAME = AppIcon;
				ASSETCATALOG_COMPILER_GLOBAL_ACCENT_COLOR_NAME = AccentColor;
				CODE_SIGN_STYLE = Automatic;
				CURRENT_PROJECT_VERSION = 1;
				DEVELOPMENT_TEAM = B724F5GJBF;
				GENERATE_INFOPLIST_FILE = YES;
				INFOPLIST_FILE = Elefant/Info.plist;
				INFOPLIST_KEY_LSApplicationCategoryType = "public.app-category.social-networking";
				INFOPLIST_KEY_UIApplicationSupportsIndirectInputEvents = YES;
				INFOPLIST_KEY_UILaunchStoryboardName = LaunchScreen;
				INFOPLIST_KEY_UIMainStoryboardFile = Main;
				INFOPLIST_KEY_UISupportedInterfaceOrientations_iPad = "UIInterfaceOrientationPortrait UIInterfaceOrientationPortraitUpsideDown UIInterfaceOrientationLandscapeLeft UIInterfaceOrientationLandscapeRight";
				INFOPLIST_KEY_UISupportedInterfaceOrientations_iPhone = "UIInterfaceOrientationPortrait UIInterfaceOrientationLandscapeLeft UIInterfaceOrientationLandscapeRight";
				LD_RUNPATH_SEARCH_PATHS = (
					"$(inherited)",
					"@executable_path/Frameworks",
				);
				MARKETING_VERSION = 1.0;
				PRODUCT_BUNDLE_IDENTIFIER = com.wittawin.Elefant;
				PRODUCT_NAME = "$(TARGET_NAME)";
				SWIFT_EMIT_LOC_STRINGS = YES;
				SWIFT_VERSION = 6.0;
				TARGETED_DEVICE_FAMILY = "1,2";
			};
			name = Debug;
		};
		25E456902D95214300F069CF /* Release */ = {
			isa = XCBuildConfiguration;
			buildSettings = {
				ASSETCATALOG_COMPILER_APPICON_NAME = AppIcon;
				ASSETCATALOG_COMPILER_GLOBAL_ACCENT_COLOR_NAME = AccentColor;
				CODE_SIGN_STYLE = Automatic;
				CURRENT_PROJECT_VERSION = 1;
				DEVELOPMENT_TEAM = B724F5GJBF;
				GENERATE_INFOPLIST_FILE = YES;
				INFOPLIST_FILE = Elefant/Info.plist;
				INFOPLIST_KEY_LSApplicationCategoryType = "public.app-category.social-networking";
				INFOPLIST_KEY_UIApplicationSupportsIndirectInputEvents = YES;
				INFOPLIST_KEY_UILaunchStoryboardName = LaunchScreen;
				INFOPLIST_KEY_UIMainStoryboardFile = Main;
				INFOPLIST_KEY_UISupportedInterfaceOrientations_iPad = "UIInterfaceOrientationPortrait UIInterfaceOrientationPortraitUpsideDown UIInterfaceOrientationLandscapeLeft UIInterfaceOrientationLandscapeRight";
				INFOPLIST_KEY_UISupportedInterfaceOrientations_iPhone = "UIInterfaceOrientationPortrait UIInterfaceOrientationLandscapeLeft UIInterfaceOrientationLandscapeRight";
				LD_RUNPATH_SEARCH_PATHS = (
					"$(inherited)",
					"@executable_path/Frameworks",
				);
				MARKETING_VERSION = 1.0;
				PRODUCT_BUNDLE_IDENTIFIER = com.wittawin.Elefant;
				PRODUCT_NAME = "$(TARGET_NAME)";
				SWIFT_EMIT_LOC_STRINGS = YES;
				SWIFT_VERSION = 6.0;
				TARGETED_DEVICE_FAMILY = "1,2";
			};
			name = Release;
		};
		25E456912D95214300F069CF /* Debug */ = {
			isa = XCBuildConfiguration;
			buildSettings = {
				ALWAYS_SEARCH_USER_PATHS = NO;
				ASSETCATALOG_COMPILER_GENERATE_SWIFT_ASSET_SYMBOL_EXTENSIONS = YES;
				CLANG_ANALYZER_NONNULL = YES;
				CLANG_ANALYZER_NUMBER_OBJECT_CONVERSION = YES_AGGRESSIVE;
				CLANG_CXX_LANGUAGE_STANDARD = "gnu++20";
				CLANG_ENABLE_MODULES = YES;
				CLANG_ENABLE_OBJC_ARC = YES;
				CLANG_ENABLE_OBJC_WEAK = YES;
				CLANG_WARN_BLOCK_CAPTURE_AUTORELEASING = YES;
				CLANG_WARN_BOOL_CONVERSION = YES;
				CLANG_WARN_COMMA = YES;
				CLANG_WARN_CONSTANT_CONVERSION = YES;
				CLANG_WARN_DEPRECATED_OBJC_IMPLEMENTATIONS = YES;
				CLANG_WARN_DIRECT_OBJC_ISA_USAGE = YES_ERROR;
				CLANG_WARN_DOCUMENTATION_COMMENTS = YES;
				CLANG_WARN_EMPTY_BODY = YES;
				CLANG_WARN_ENUM_CONVERSION = YES;
				CLANG_WARN_INFINITE_RECURSION = YES;
				CLANG_WARN_INT_CONVERSION = YES;
				CLANG_WARN_NON_LITERAL_NULL_CONVERSION = YES;
				CLANG_WARN_OBJC_IMPLICIT_RETAIN_SELF = YES;
				CLANG_WARN_OBJC_LITERAL_CONVERSION = YES;
				CLANG_WARN_OBJC_ROOT_CLASS = YES_ERROR;
				CLANG_WARN_QUOTED_INCLUDE_IN_FRAMEWORK_HEADER = YES;
				CLANG_WARN_RANGE_LOOP_ANALYSIS = YES;
				CLANG_WARN_STRICT_PROTOTYPES = YES;
				CLANG_WARN_SUSPICIOUS_MOVE = YES;
				CLANG_WARN_UNGUARDED_AVAILABILITY = YES_AGGRESSIVE;
				CLANG_WARN_UNREACHABLE_CODE = YES;
				CLANG_WARN__DUPLICATE_METHOD_MATCH = YES;
				COPY_PHASE_STRIP = NO;
				DEBUG_INFORMATION_FORMAT = dwarf;
				ENABLE_STRICT_OBJC_MSGSEND = YES;
				ENABLE_TESTABILITY = YES;
				ENABLE_USER_SCRIPT_SANDBOXING = YES;
				GCC_C_LANGUAGE_STANDARD = gnu17;
				GCC_DYNAMIC_NO_PIC = NO;
				GCC_NO_COMMON_BLOCKS = YES;
				GCC_OPTIMIZATION_LEVEL = 0;
				GCC_PREPROCESSOR_DEFINITIONS = (
					"DEBUG=1",
					"$(inherited)",
				);
				GCC_WARN_64_TO_32_BIT_CONVERSION = YES;
				GCC_WARN_ABOUT_RETURN_TYPE = YES_ERROR;
				GCC_WARN_UNDECLARED_SELECTOR = YES;
				GCC_WARN_UNINITIALIZED_AUTOS = YES_AGGRESSIVE;
				GCC_WARN_UNUSED_FUNCTION = YES;
				GCC_WARN_UNUSED_VARIABLE = YES;
				IPHONEOS_DEPLOYMENT_TARGET = 18.2;
				LOCALIZATION_PREFERS_STRING_CATALOGS = YES;
				MTL_ENABLE_DEBUG_INFO = INCLUDE_SOURCE;
				MTL_FAST_MATH = YES;
				ONLY_ACTIVE_ARCH = YES;
				SDKROOT = iphoneos;
				SWIFT_ACTIVE_COMPILATION_CONDITIONS = "DEBUG $(inherited)";
				SWIFT_OPTIMIZATION_LEVEL = "-Onone";
			};
			name = Debug;
		};
		25E456922D95214300F069CF /* Release */ = {
			isa = XCBuildConfiguration;
			buildSettings = {
				ALWAYS_SEARCH_USER_PATHS = NO;
				ASSETCATALOG_COMPILER_GENERATE_SWIFT_ASSET_SYMBOL_EXTENSIONS = YES;
				CLANG_ANALYZER_NONNULL = YES;
				CLANG_ANALYZER_NUMBER_OBJECT_CONVERSION = YES_AGGRESSIVE;
				CLANG_CXX_LANGUAGE_STANDARD = "gnu++20";
				CLANG_ENABLE_MODULES = YES;
				CLANG_ENABLE_OBJC_ARC = YES;
				CLANG_ENABLE_OBJC_WEAK = YES;
				CLANG_WARN_BLOCK_CAPTURE_AUTORELEASING = YES;
				CLANG_WARN_BOOL_CONVERSION = YES;
				CLANG_WARN_COMMA = YES;
				CLANG_WARN_CONSTANT_CONVERSION = YES;
				CLANG_WARN_DEPRECATED_OBJC_IMPLEMENTATIONS = YES;
				CLANG_WARN_DIRECT_OBJC_ISA_USAGE = YES_ERROR;
				CLANG_WARN_DOCUMENTATION_COMMENTS = YES;
				CLANG_WARN_EMPTY_BODY = YES;
				CLANG_WARN_ENUM_CONVERSION = YES;
				CLANG_WARN_INFINITE_RECURSION = YES;
				CLANG_WARN_INT_CONVERSION = YES;
				CLANG_WARN_NON_LITERAL_NULL_CONVERSION = YES;
				CLANG_WARN_OBJC_IMPLICIT_RETAIN_SELF = YES;
				CLANG_WARN_OBJC_LITERAL_CONVERSION = YES;
				CLANG_WARN_OBJC_ROOT_CLASS = YES_ERROR;
				CLANG_WARN_QUOTED_INCLUDE_IN_FRAMEWORK_HEADER = YES;
				CLANG_WARN_RANGE_LOOP_ANALYSIS = YES;
				CLANG_WARN_STRICT_PROTOTYPES = YES;
				CLANG_WARN_SUSPICIOUS_MOVE = YES;
				CLANG_WARN_UNGUARDED_AVAILABILITY = YES_AGGRESSIVE;
				CLANG_WARN_UNREACHABLE_CODE = YES;
				CLANG_WARN__DUPLICATE_METHOD_MATCH = YES;
				COPY_PHASE_STRIP = NO;
				DEBUG_INFORMATION_FORMAT = "dwarf-with-dsym";
				ENABLE_NS_ASSERTIONS = NO;
				ENABLE_STRICT_OBJC_MSGSEND = YES;
				ENABLE_USER_SCRIPT_SANDBOXING = YES;
				GCC_C_LANGUAGE_STANDARD = gnu17;
				GCC_NO_COMMON_BLOCKS = YES;
				GCC_WARN_64_TO_32_BIT_CONVERSION = YES;
				GCC_WARN_ABOUT_RETURN_TYPE = YES_ERROR;
				GCC_WARN_UNDECLARED_SELECTOR = YES;
				GCC_WARN_UNINITIALIZED_AUTOS = YES_AGGRESSIVE;
				GCC_WARN_UNUSED_FUNCTION = YES;
				GCC_WARN_UNUSED_VARIABLE = YES;
				IPHONEOS_DEPLOYMENT_TARGET = 18.2;
				LOCALIZATION_PREFERS_STRING_CATALOGS = YES;
				MTL_ENABLE_DEBUG_INFO = NO;
				MTL_FAST_MATH = YES;
				SDKROOT = iphoneos;
				SWIFT_COMPILATION_MODE = wholemodule;
				VALIDATE_PRODUCT = YES;
			};
			name = Release;
		};
		25E456942D95214300F069CF /* Debug */ = {
			isa = XCBuildConfiguration;
			buildSettings = {
				BUNDLE_LOADER = "$(TEST_HOST)";
				CODE_SIGN_STYLE = Automatic;
				CURRENT_PROJECT_VERSION = 1;
				DEVELOPMENT_TEAM = B724F5GJBF;
				GENERATE_INFOPLIST_FILE = YES;
				IPHONEOS_DEPLOYMENT_TARGET = 18.2;
				MARKETING_VERSION = 1.0;
				PRODUCT_BUNDLE_IDENTIFIER = com.wittawin.ElefantTests;
				PRODUCT_NAME = "$(TARGET_NAME)";
				SWIFT_EMIT_LOC_STRINGS = NO;
				SWIFT_VERSION = 5.0;
				TARGETED_DEVICE_FAMILY = "1,2";
				TEST_HOST = "$(BUILT_PRODUCTS_DIR)/Elefant.app/$(BUNDLE_EXECUTABLE_FOLDER_PATH)/Elefant";
			};
			name = Debug;
		};
		25E456952D95214300F069CF /* Release */ = {
			isa = XCBuildConfiguration;
			buildSettings = {
				BUNDLE_LOADER = "$(TEST_HOST)";
				CODE_SIGN_STYLE = Automatic;
				CURRENT_PROJECT_VERSION = 1;
				DEVELOPMENT_TEAM = B724F5GJBF;
				GENERATE_INFOPLIST_FILE = YES;
				IPHONEOS_DEPLOYMENT_TARGET = 18.2;
				MARKETING_VERSION = 1.0;
				PRODUCT_BUNDLE_IDENTIFIER = com.wittawin.ElefantTests;
				PRODUCT_NAME = "$(TARGET_NAME)";
				SWIFT_EMIT_LOC_STRINGS = NO;
				SWIFT_VERSION = 5.0;
				TARGETED_DEVICE_FAMILY = "1,2";
				TEST_HOST = "$(BUILT_PRODUCTS_DIR)/Elefant.app/$(BUNDLE_EXECUTABLE_FOLDER_PATH)/Elefant";
			};
			name = Release;
		};
		25E456972D95214300F069CF /* Debug */ = {
			isa = XCBuildConfiguration;
			buildSettings = {
				CODE_SIGN_STYLE = Automatic;
				CURRENT_PROJECT_VERSION = 1;
				DEVELOPMENT_TEAM = B724F5GJBF;
				GENERATE_INFOPLIST_FILE = YES;
				MARKETING_VERSION = 1.0;
				PRODUCT_BUNDLE_IDENTIFIER = com.wittawin.ElefantUITests;
				PRODUCT_NAME = "$(TARGET_NAME)";
				SWIFT_EMIT_LOC_STRINGS = NO;
				SWIFT_VERSION = 5.0;
				TARGETED_DEVICE_FAMILY = "1,2";
				TEST_TARGET_NAME = Elefant;
			};
			name = Debug;
		};
		25E456982D95214300F069CF /* Release */ = {
			isa = XCBuildConfiguration;
			buildSettings = {
				CODE_SIGN_STYLE = Automatic;
				CURRENT_PROJECT_VERSION = 1;
				DEVELOPMENT_TEAM = B724F5GJBF;
				GENERATE_INFOPLIST_FILE = YES;
				MARKETING_VERSION = 1.0;
				PRODUCT_BUNDLE_IDENTIFIER = com.wittawin.ElefantUITests;
				PRODUCT_NAME = "$(TARGET_NAME)";
				SWIFT_EMIT_LOC_STRINGS = NO;
				SWIFT_VERSION = 5.0;
				TARGETED_DEVICE_FAMILY = "1,2";
				TEST_TARGET_NAME = Elefant;
			};
			name = Release;
		};
/* End XCBuildConfiguration section */

/* Begin XCConfigurationList section */
		25E4565D2D95214100F069CF /* Build configuration list for PBXProject "Elefant" */ = {
			isa = XCConfigurationList;
			buildConfigurations = (
				25E456912D95214300F069CF /* Debug */,
				25E456922D95214300F069CF /* Release */,
			);
			defaultConfigurationIsVisible = 0;
			defaultConfigurationName = Release;
		};
		25E4568E2D95214300F069CF /* Build configuration list for PBXNativeTarget "Elefant" */ = {
			isa = XCConfigurationList;
			buildConfigurations = (
				25E4568F2D95214300F069CF /* Debug */,
				25E456902D95214300F069CF /* Release */,
			);
			defaultConfigurationIsVisible = 0;
			defaultConfigurationName = Release;
		};
		25E456932D95214300F069CF /* Build configuration list for PBXNativeTarget "ElefantTests" */ = {
			isa = XCConfigurationList;
			buildConfigurations = (
				25E456942D95214300F069CF /* Debug */,
				25E456952D95214300F069CF /* Release */,
			);
			defaultConfigurationIsVisible = 0;
			defaultConfigurationName = Release;
		};
		25E456962D95214300F069CF /* Build configuration list for PBXNativeTarget "ElefantUITests" */ = {
			isa = XCConfigurationList;
			buildConfigurations = (
				25E456972D95214300F069CF /* Debug */,
				25E456982D95214300F069CF /* Release */,
			);
			defaultConfigurationIsVisible = 0;
			defaultConfigurationName = Release;
		};
/* End XCConfigurationList section */

/* Begin XCLocalSwiftPackageReference section */
		2556C2FD2DBBF0DB002671F6 /* XCLocalSwiftPackageReference "../../HTMLParser" */ = {
			isa = XCLocalSwiftPackageReference;
			relativePath = ../../HTMLParser;
		};
/* End XCLocalSwiftPackageReference section */

/* Begin XCSwiftPackageProductDependency section */
		2556C2FE2DBBF0DB002671F6 /* HTMLParser */ = {
			isa = XCSwiftPackageProductDependency;
			productName = HTMLParser;
		};
		25E4724B2D9E73A400F069CF /* ElefantAPI */ = {
			isa = XCSwiftPackageProductDependency;
			productName = ElefantAPI;
		};
		25E47B262D9FC0A200F069CF /* ElefantEntity */ = {
			isa = XCSwiftPackageProductDependency;
			productName = ElefantEntity;
		};
/* End XCSwiftPackageProductDependency section */
	};
	rootObject = 25E4565A2D95214100F069CF /* Project object */;
}
